// !$*UTF8*$!
{
	archiveVersion = 1;
	classes = {
	};
	objectVersion = 52;
	objects = {

/* Begin PBXBuildFile section */
		9A36E0F827A86ED700CF9989 /* kiwiApp.swift in Sources */ = {isa = PBXBuildFile; fileRef = 9A36E0F727A86ED700CF9989 /* kiwiApp.swift */; };
		9A36E0FA27A86ED700CF9989 /* ContentView.swift in Sources */ = {isa = PBXBuildFile; fileRef = 9A36E0F927A86ED700CF9989 /* ContentView.swift */; };
		9A36E0FC27A86ED800CF9989 /* Assets.xcassets in Resources */ = {isa = PBXBuildFile; fileRef = 9A36E0FB27A86ED800CF9989 /* Assets.xcassets */; };
		9A36E0FF27A86ED800CF9989 /* Preview Assets.xcassets in Resources */ = {isa = PBXBuildFile; fileRef = 9A36E0FE27A86ED800CF9989 /* Preview Assets.xcassets */; };
		9A36E10A27A86ED800CF9989 /* kiwiTests.swift in Sources */ = {isa = PBXBuildFile; fileRef = 9A36E10927A86ED800CF9989 /* kiwiTests.swift */; };
		9A36E11527A86ED800CF9989 /* kiwiUITests.swift in Sources */ = {isa = PBXBuildFile; fileRef = 9A36E11427A86ED800CF9989 /* kiwiUITests.swift */; };
		9A36E12327A8837900CF9989 /* Haptics.swift in Sources */ = {isa = PBXBuildFile; fileRef = 9A36E12227A8837900CF9989 /* Haptics.swift */; };
		9AA0089F27C68AB100359374 /* OSCView.swift in Sources */ = {isa = PBXBuildFile; fileRef = 9AA0089E27C68AB100359374 /* OSCView.swift */; };
		9AA008A227C6B8DA00359374 /* GetIP.swift in Sources */ = {isa = PBXBuildFile; fileRef = 9AA008A127C6B8DA00359374 /* GetIP.swift */; };
		9AA008A527C6C91D00359374 /* SwiftUIOSC in Frameworks */ = {isa = PBXBuildFile; productRef = 9AA008A427C6C91D00359374 /* SwiftUIOSC */; };
		9AA008A927C8130900359374 /* Clamp.swift in Sources */ = {isa = PBXBuildFile; fileRef = 9AA008A827C8130900359374 /* Clamp.swift */; };
		9AB58A8D27E7AC2F00E64C35 /* pixels.json in Resources */ = {isa = PBXBuildFile; fileRef = 9AB58A8C27E7AC2F00E64C35 /* pixels.json */; };
		9ADE8DC627BEE5F500D52130 /* AudioHapticPixel.swift in Sources */ = {isa = PBXBuildFile; fileRef = 9ADE8DC527BEE5F500D52130 /* AudioHapticPixel.swift */; };
		9ADE8DC827BEE82300D52130 /* AudioHapticPixelView.swift in Sources */ = {isa = PBXBuildFile; fileRef = 9ADE8DC727BEE82300D52130 /* AudioHapticPixelView.swift */; };
		9ADE8DCA27BEF22500D52130 /* AudioHapticPixelList.swift in Sources */ = {isa = PBXBuildFile; fileRef = 9ADE8DC927BEF22500D52130 /* AudioHapticPixelList.swift */; };
		9ADE8DCC27BEF33A00D52130 /* AudioHapticPixelData.swift in Sources */ = {isa = PBXBuildFile; fileRef = 9ADE8DCB27BEF33A00D52130 /* AudioHapticPixelData.swift */; };
/* End PBXBuildFile section */

/* Begin PBXContainerItemProxy section */
		9A36E10627A86ED800CF9989 /* PBXContainerItemProxy */ = {
			isa = PBXContainerItemProxy;
			containerPortal = 9A36E0EC27A86ED600CF9989 /* Project object */;
			proxyType = 1;
			remoteGlobalIDString = 9A36E0F327A86ED600CF9989;
			remoteInfo = kiwi;
		};
		9A36E11127A86ED800CF9989 /* PBXContainerItemProxy */ = {
			isa = PBXContainerItemProxy;
			containerPortal = 9A36E0EC27A86ED600CF9989 /* Project object */;
			proxyType = 1;
			remoteGlobalIDString = 9A36E0F327A86ED600CF9989;
			remoteInfo = kiwi;
		};
/* End PBXContainerItemProxy section */

/* Begin PBXFileReference section */
		9A36E0F427A86ED600CF9989 /* kiwi.app */ = {isa = PBXFileReference; explicitFileType = wrapper.application; includeInIndex = 0; path = kiwi.app; sourceTree = BUILT_PRODUCTS_DIR; };
		9A36E0F727A86ED700CF9989 /* kiwiApp.swift */ = {isa = PBXFileReference; lastKnownFileType = sourcecode.swift; path = kiwiApp.swift; sourceTree = "<group>"; };
		9A36E0F927A86ED700CF9989 /* ContentView.swift */ = {isa = PBXFileReference; lastKnownFileType = sourcecode.swift; path = ContentView.swift; sourceTree = "<group>"; };
		9A36E0FB27A86ED800CF9989 /* Assets.xcassets */ = {isa = PBXFileReference; lastKnownFileType = folder.assetcatalog; path = Assets.xcassets; sourceTree = "<group>"; };
		9A36E0FE27A86ED800CF9989 /* Preview Assets.xcassets */ = {isa = PBXFileReference; lastKnownFileType = folder.assetcatalog; path = "Preview Assets.xcassets"; sourceTree = "<group>"; };
		9A36E10027A86ED800CF9989 /* Info.plist */ = {isa = PBXFileReference; lastKnownFileType = text.plist.xml; path = Info.plist; sourceTree = "<group>"; };
		9A36E10527A86ED800CF9989 /* kiwiTests.xctest */ = {isa = PBXFileReference; explicitFileType = wrapper.cfbundle; includeInIndex = 0; path = kiwiTests.xctest; sourceTree = BUILT_PRODUCTS_DIR; };
		9A36E10927A86ED800CF9989 /* kiwiTests.swift */ = {isa = PBXFileReference; lastKnownFileType = sourcecode.swift; path = kiwiTests.swift; sourceTree = "<group>"; };
		9A36E10B27A86ED800CF9989 /* Info.plist */ = {isa = PBXFileReference; lastKnownFileType = text.plist.xml; path = Info.plist; sourceTree = "<group>"; };
		9A36E11027A86ED800CF9989 /* kiwiUITests.xctest */ = {isa = PBXFileReference; explicitFileType = wrapper.cfbundle; includeInIndex = 0; path = kiwiUITests.xctest; sourceTree = BUILT_PRODUCTS_DIR; };
		9A36E11427A86ED800CF9989 /* kiwiUITests.swift */ = {isa = PBXFileReference; lastKnownFileType = sourcecode.swift; path = kiwiUITests.swift; sourceTree = "<group>"; };
		9A36E11627A86ED800CF9989 /* Info.plist */ = {isa = PBXFileReference; lastKnownFileType = text.plist.xml; path = Info.plist; sourceTree = "<group>"; };
		9A36E12227A8837900CF9989 /* Haptics.swift */ = {isa = PBXFileReference; lastKnownFileType = sourcecode.swift; path = Haptics.swift; sourceTree = "<group>"; };
		9AA0089E27C68AB100359374 /* OSCView.swift */ = {isa = PBXFileReference; lastKnownFileType = sourcecode.swift; path = OSCView.swift; sourceTree = "<group>"; };
		9AA008A127C6B8DA00359374 /* GetIP.swift */ = {isa = PBXFileReference; lastKnownFileType = sourcecode.swift; path = GetIP.swift; sourceTree = "<group>"; };
		9AA008A727C6C97300359374 /* SwiftUIOSC */ = {isa = PBXFileReference; lastKnownFileType = wrapper; name = SwiftUIOSC; path = ../../../SwiftUIOSC; sourceTree = "<group>"; };
		9AA008A827C8130900359374 /* Clamp.swift */ = {isa = PBXFileReference; lastKnownFileType = sourcecode.swift; path = Clamp.swift; sourceTree = "<group>"; };
		9AB58A8C27E7AC2F00E64C35 /* pixels.json */ = {isa = PBXFileReference; fileEncoding = 4; lastKnownFileType = text.json; path = pixels.json; sourceTree = "<group>"; };
		9ADE8DC527BEE5F500D52130 /* AudioHapticPixel.swift */ = {isa = PBXFileReference; lastKnownFileType = sourcecode.swift; path = AudioHapticPixel.swift; sourceTree = "<group>"; };
		9ADE8DC727BEE82300D52130 /* AudioHapticPixelView.swift */ = {isa = PBXFileReference; lastKnownFileType = sourcecode.swift; path = AudioHapticPixelView.swift; sourceTree = "<group>"; };
		9ADE8DC927BEF22500D52130 /* AudioHapticPixelList.swift */ = {isa = PBXFileReference; lastKnownFileType = sourcecode.swift; path = AudioHapticPixelList.swift; sourceTree = "<group>"; };
		9ADE8DCB27BEF33A00D52130 /* AudioHapticPixelData.swift */ = {isa = PBXFileReference; lastKnownFileType = sourcecode.swift; path = AudioHapticPixelData.swift; sourceTree = "<group>"; };
/* End PBXFileReference section */

/* Begin PBXFrameworksBuildPhase section */
		9A36E0F127A86ED600CF9989 /* Frameworks */ = {
			isa = PBXFrameworksBuildPhase;
			buildActionMask = 2147483647;
			files = (
				9AA008A527C6C91D00359374 /* SwiftUIOSC in Frameworks */,
			);
			runOnlyForDeploymentPostprocessing = 0;
		};
		9A36E10227A86ED800CF9989 /* Frameworks */ = {
			isa = PBXFrameworksBuildPhase;
			buildActionMask = 2147483647;
			files = (
			);
			runOnlyForDeploymentPostprocessing = 0;
		};
		9A36E10D27A86ED800CF9989 /* Frameworks */ = {
			isa = PBXFrameworksBuildPhase;
			buildActionMask = 2147483647;
			files = (
			);
			runOnlyForDeploymentPostprocessing = 0;
		};
/* End PBXFrameworksBuildPhase section */

/* Begin PBXGroup section */
		9A36E0EB27A86ED600CF9989 = {
			isa = PBXGroup;
			children = (
				9AA008A627C6C97300359374 /* Packages */,
				9A36E0F627A86ED600CF9989 /* kiwi */,
				9A36E10827A86ED800CF9989 /* kiwiTests */,
				9A36E11327A86ED800CF9989 /* kiwiUITests */,
				9A36E0F527A86ED600CF9989 /* Products */,
			);
			sourceTree = "<group>";
		};
		9A36E0F527A86ED600CF9989 /* Products */ = {
			isa = PBXGroup;
			children = (
				9A36E0F427A86ED600CF9989 /* kiwi.app */,
				9A36E10527A86ED800CF9989 /* kiwiTests.xctest */,
				9A36E11027A86ED800CF9989 /* kiwiUITests.xctest */,
			);
			name = Products;
			sourceTree = "<group>";
		};
		9A36E0F627A86ED600CF9989 /* kiwi */ = {
			isa = PBXGroup;
			children = (
				9AA008A027C6B8B800359374 /* Utils */,
				9A5F598627BF6D9D008D3706 /* Resources */,
				9ADE8DD027BEF51500D52130 /* Models */,
				9ADE8DCE27BEF46800D52130 /* Views */,
				9A36E0F727A86ED700CF9989 /* kiwiApp.swift */,
				9A36E0FB27A86ED800CF9989 /* Assets.xcassets */,
				9A36E10027A86ED800CF9989 /* Info.plist */,
				9A36E0FD27A86ED800CF9989 /* Preview Content */,
			);
			path = kiwi;
			sourceTree = "<group>";
		};
		9A36E0FD27A86ED800CF9989 /* Preview Content */ = {
			isa = PBXGroup;
			children = (
				9A36E0FE27A86ED800CF9989 /* Preview Assets.xcassets */,
			);
			path = "Preview Content";
			sourceTree = "<group>";
		};
		9A36E10827A86ED800CF9989 /* kiwiTests */ = {
			isa = PBXGroup;
			children = (
				9A36E10927A86ED800CF9989 /* kiwiTests.swift */,
				9A36E10B27A86ED800CF9989 /* Info.plist */,
			);
			path = kiwiTests;
			sourceTree = "<group>";
		};
		9A36E11327A86ED800CF9989 /* kiwiUITests */ = {
			isa = PBXGroup;
			children = (
				9A36E11427A86ED800CF9989 /* kiwiUITests.swift */,
				9A36E11627A86ED800CF9989 /* Info.plist */,
			);
			path = kiwiUITests;
			sourceTree = "<group>";
		};
		9A5F598627BF6D9D008D3706 /* Resources */ = {
			isa = PBXGroup;
			children = (
				9AB58A8C27E7AC2F00E64C35 /* pixels.json */,
			);
			path = Resources;
			sourceTree = "<group>";
		};
		9AA008A027C6B8B800359374 /* Utils */ = {
			isa = PBXGroup;
			children = (
				9AA008A127C6B8DA00359374 /* GetIP.swift */,
				9AA008A827C8130900359374 /* Clamp.swift */,
			);
			path = Utils;
			sourceTree = "<group>";
		};
		9AA008A627C6C97300359374 /* Packages */ = {
			isa = PBXGroup;
			children = (
				9AA008A727C6C97300359374 /* SwiftUIOSC */,
			);
			name = Packages;
			sourceTree = "<group>";
		};
		9ADE8DCE27BEF46800D52130 /* Views */ = {
			isa = PBXGroup;
			children = (
				9A36E0F927A86ED700CF9989 /* ContentView.swift */,
				9ADE8DC727BEE82300D52130 /* AudioHapticPixelView.swift */,
				9ADE8DC927BEF22500D52130 /* AudioHapticPixelList.swift */,
				9AA0089E27C68AB100359374 /* OSCView.swift */,
			);
			path = Views;
			sourceTree = "<group>";
		};
		9ADE8DD027BEF51500D52130 /* Models */ = {
			isa = PBXGroup;
			children = (
				9ADE8DCB27BEF33A00D52130 /* AudioHapticPixelData.swift */,
				9A36E12227A8837900CF9989 /* Haptics.swift */,
				9ADE8DC527BEE5F500D52130 /* AudioHapticPixel.swift */,
			);
			path = Models;
			sourceTree = "<group>";
		};
/* End PBXGroup section */

/* Begin PBXNativeTarget section */
		9A36E0F327A86ED600CF9989 /* kiwi */ = {
			isa = PBXNativeTarget;
			buildConfigurationList = 9A36E11927A86ED800CF9989 /* Build configuration list for PBXNativeTarget "kiwi" */;
			buildPhases = (
				9A36E0F027A86ED600CF9989 /* Sources */,
				9A36E0F127A86ED600CF9989 /* Frameworks */,
				9A36E0F227A86ED600CF9989 /* Resources */,
			);
			buildRules = (
			);
			dependencies = (
			);
			name = kiwi;
			packageProductDependencies = (
				9AA008A427C6C91D00359374 /* SwiftUIOSC */,
			);
			productName = kiwi;
			productReference = 9A36E0F427A86ED600CF9989 /* kiwi.app */;
			productType = "com.apple.product-type.application";
		};
		9A36E10427A86ED800CF9989 /* kiwiTests */ = {
			isa = PBXNativeTarget;
			buildConfigurationList = 9A36E11C27A86ED800CF9989 /* Build configuration list for PBXNativeTarget "kiwiTests" */;
			buildPhases = (
				9A36E10127A86ED800CF9989 /* Sources */,
				9A36E10227A86ED800CF9989 /* Frameworks */,
				9A36E10327A86ED800CF9989 /* Resources */,
			);
			buildRules = (
			);
			dependencies = (
				9A36E10727A86ED800CF9989 /* PBXTargetDependency */,
			);
			name = kiwiTests;
			productName = kiwiTests;
			productReference = 9A36E10527A86ED800CF9989 /* kiwiTests.xctest */;
			productType = "com.apple.product-type.bundle.unit-test";
		};
		9A36E10F27A86ED800CF9989 /* kiwiUITests */ = {
			isa = PBXNativeTarget;
			buildConfigurationList = 9A36E11F27A86ED800CF9989 /* Build configuration list for PBXNativeTarget "kiwiUITests" */;
			buildPhases = (
				9A36E10C27A86ED800CF9989 /* Sources */,
				9A36E10D27A86ED800CF9989 /* Frameworks */,
				9A36E10E27A86ED800CF9989 /* Resources */,
			);
			buildRules = (
			);
			dependencies = (
				9A36E11227A86ED800CF9989 /* PBXTargetDependency */,
			);
			name = kiwiUITests;
			productName = kiwiUITests;
			productReference = 9A36E11027A86ED800CF9989 /* kiwiUITests.xctest */;
			productType = "com.apple.product-type.bundle.ui-testing";
		};
/* End PBXNativeTarget section */

/* Begin PBXProject section */
		9A36E0EC27A86ED600CF9989 /* Project object */ = {
			isa = PBXProject;
			attributes = {
				LastSwiftUpdateCheck = 1250;
				LastUpgradeCheck = 1250;
				TargetAttributes = {
					9A36E0F327A86ED600CF9989 = {
						CreatedOnToolsVersion = 12.5;
					};
					9A36E10427A86ED800CF9989 = {
						CreatedOnToolsVersion = 12.5;
						TestTargetID = 9A36E0F327A86ED600CF9989;
					};
					9A36E10F27A86ED800CF9989 = {
						CreatedOnToolsVersion = 12.5;
						TestTargetID = 9A36E0F327A86ED600CF9989;
					};
				};
			};
			buildConfigurationList = 9A36E0EF27A86ED600CF9989 /* Build configuration list for PBXProject "kiwi" */;
			compatibilityVersion = "Xcode 9.3";
			developmentRegion = en;
			hasScannedForEncodings = 0;
			knownRegions = (
				en,
				Base,
			);
			mainGroup = 9A36E0EB27A86ED600CF9989;
			packageReferences = (
				9AA008A327C6C91D00359374 /* XCRemoteSwiftPackageReference "SwiftUIOSC" */,
			);
			productRefGroup = 9A36E0F527A86ED600CF9989 /* Products */;
			projectDirPath = "";
			projectRoot = "";
			targets = (
				9A36E0F327A86ED600CF9989 /* kiwi */,
				9A36E10427A86ED800CF9989 /* kiwiTests */,
				9A36E10F27A86ED800CF9989 /* kiwiUITests */,
			);
		};
/* End PBXProject section */

/* Begin PBXResourcesBuildPhase section */
		9A36E0F227A86ED600CF9989 /* Resources */ = {
			isa = PBXResourcesBuildPhase;
			buildActionMask = 2147483647;
			files = (
				9A36E0FF27A86ED800CF9989 /* Preview Assets.xcassets in Resources */,
				9A36E0FC27A86ED800CF9989 /* Assets.xcassets in Resources */,
				9AB58A8D27E7AC2F00E64C35 /* pixels.json in Resources */,
			);
			runOnlyForDeploymentPostprocessing = 0;
		};
		9A36E10327A86ED800CF9989 /* Resources */ = {
			isa = PBXResourcesBuildPhase;
			buildActionMask = 2147483647;
			files = (
			);
			runOnlyForDeploymentPostprocessing = 0;
		};
		9A36E10E27A86ED800CF9989 /* Resources */ = {
			isa = PBXResourcesBuildPhase;
			buildActionMask = 2147483647;
			files = (
			);
			runOnlyForDeploymentPostprocessing = 0;
		};
/* End PBXResourcesBuildPhase section */

/* Begin PBXSourcesBuildPhase section */
		9A36E0F027A86ED600CF9989 /* Sources */ = {
			isa = PBXSourcesBuildPhase;
			buildActionMask = 2147483647;
			files = (
				9AA0089F27C68AB100359374 /* OSCView.swift in Sources */,
				9AA008A927C8130900359374 /* Clamp.swift in Sources */,
				9A36E12327A8837900CF9989 /* Haptics.swift in Sources */,
				9AA008A227C6B8DA00359374 /* GetIP.swift in Sources */,
				9ADE8DCC27BEF33A00D52130 /* AudioHapticPixelData.swift in Sources */,
				9A36E0FA27A86ED700CF9989 /* ContentView.swift in Sources */,
				9A36E0F827A86ED700CF9989 /* kiwiApp.swift in Sources */,
				9ADE8DC627BEE5F500D52130 /* AudioHapticPixel.swift in Sources */,
				9ADE8DC827BEE82300D52130 /* AudioHapticPixelView.swift in Sources */,
				9ADE8DCA27BEF22500D52130 /* AudioHapticPixelList.swift in Sources */,
			);
			runOnlyForDeploymentPostprocessing = 0;
		};
		9A36E10127A86ED800CF9989 /* Sources */ = {
			isa = PBXSourcesBuildPhase;
			buildActionMask = 2147483647;
			files = (
				9A36E10A27A86ED800CF9989 /* kiwiTests.swift in Sources */,
			);
			runOnlyForDeploymentPostprocessing = 0;
		};
		9A36E10C27A86ED800CF9989 /* Sources */ = {
			isa = PBXSourcesBuildPhase;
			buildActionMask = 2147483647;
			files = (
				9A36E11527A86ED800CF9989 /* kiwiUITests.swift in Sources */,
			);
			runOnlyForDeploymentPostprocessing = 0;
		};
/* End PBXSourcesBuildPhase section */

/* Begin PBXTargetDependency section */
		9A36E10727A86ED800CF9989 /* PBXTargetDependency */ = {
			isa = PBXTargetDependency;
			target = 9A36E0F327A86ED600CF9989 /* kiwi */;
			targetProxy = 9A36E10627A86ED800CF9989 /* PBXContainerItemProxy */;
		};
		9A36E11227A86ED800CF9989 /* PBXTargetDependency */ = {
			isa = PBXTargetDependency;
			target = 9A36E0F327A86ED600CF9989 /* kiwi */;
			targetProxy = 9A36E11127A86ED800CF9989 /* PBXContainerItemProxy */;
		};
/* End PBXTargetDependency section */

/* Begin XCBuildConfiguration section */
		9A36E11727A86ED800CF9989 /* Debug */ = {
			isa = XCBuildConfiguration;
			buildSettings = {
				ALWAYS_SEARCH_USER_PATHS = NO;
				CLANG_ANALYZER_NONNULL = YES;
				CLANG_ANALYZER_NUMBER_OBJECT_CONVERSION = YES_AGGRESSIVE;
				CLANG_CXX_LANGUAGE_STANDARD = "gnu++14";
				CLANG_CXX_LIBRARY = "libc++";
				CLANG_ENABLE_MODULES = YES;
				CLANG_ENABLE_OBJC_ARC = YES;
				CLANG_ENABLE_OBJC_WEAK = YES;
				CLANG_WARN_BLOCK_CAPTURE_AUTORELEASING = YES;
				CLANG_WARN_BOOL_CONVERSION = YES;
				CLANG_WARN_COMMA = YES;
				CLANG_WARN_CONSTANT_CONVERSION = YES;
				CLANG_WARN_DEPRECATED_OBJC_IMPLEMENTATIONS = YES;
				CLANG_WARN_DIRECT_OBJC_ISA_USAGE = YES_ERROR;
				CLANG_WARN_DOCUMENTATION_COMMENTS = YES;
				CLANG_WARN_EMPTY_BODY = YES;
				CLANG_WARN_ENUM_CONVERSION = YES;
				CLANG_WARN_INFINITE_RECURSION = YES;
				CLANG_WARN_INT_CONVERSION = YES;
				CLANG_WARN_NON_LITERAL_NULL_CONVERSION = YES;
				CLANG_WARN_OBJC_IMPLICIT_RETAIN_SELF = YES;
				CLANG_WARN_OBJC_LITERAL_CONVERSION = YES;
				CLANG_WARN_OBJC_ROOT_CLASS = YES_ERROR;
				CLANG_WARN_QUOTED_INCLUDE_IN_FRAMEWORK_HEADER = YES;
				CLANG_WARN_RANGE_LOOP_ANALYSIS = YES;
				CLANG_WARN_STRICT_PROTOTYPES = YES;
				CLANG_WARN_SUSPICIOUS_MOVE = YES;
				CLANG_WARN_UNGUARDED_AVAILABILITY = YES_AGGRESSIVE;
				CLANG_WARN_UNREACHABLE_CODE = YES;
				CLANG_WARN__DUPLICATE_METHOD_MATCH = YES;
				COPY_PHASE_STRIP = NO;
				DEBUG_INFORMATION_FORMAT = dwarf;
				ENABLE_STRICT_OBJC_MSGSEND = YES;
				ENABLE_TESTABILITY = YES;
				GCC_C_LANGUAGE_STANDARD = gnu11;
				GCC_DYNAMIC_NO_PIC = NO;
				GCC_NO_COMMON_BLOCKS = YES;
				GCC_OPTIMIZATION_LEVEL = 0;
				GCC_PREPROCESSOR_DEFINITIONS = (
					"DEBUG=1",
					"$(inherited)",
				);
				GCC_WARN_64_TO_32_BIT_CONVERSION = YES;
				GCC_WARN_ABOUT_RETURN_TYPE = YES_ERROR;
				GCC_WARN_UNDECLARED_SELECTOR = YES;
				GCC_WARN_UNINITIALIZED_AUTOS = YES_AGGRESSIVE;
				GCC_WARN_UNUSED_FUNCTION = YES;
				GCC_WARN_UNUSED_VARIABLE = YES;
				IPHONEOS_DEPLOYMENT_TARGET = 14.5;
				MTL_ENABLE_DEBUG_INFO = INCLUDE_SOURCE;
				MTL_FAST_MATH = YES;
				ONLY_ACTIVE_ARCH = YES;
				SDKROOT = iphoneos;
				SWIFT_ACTIVE_COMPILATION_CONDITIONS = DEBUG;
				SWIFT_OPTIMIZATION_LEVEL = "-Onone";
			};
			name = Debug;
		};
		9A36E11827A86ED800CF9989 /* Release */ = {
			isa = XCBuildConfiguration;
			buildSettings = {
				ALWAYS_SEARCH_USER_PATHS = NO;
				CLANG_ANALYZER_NONNULL = YES;
				CLANG_ANALYZER_NUMBER_OBJECT_CONVERSION = YES_AGGRESSIVE;
				CLANG_CXX_LANGUAGE_STANDARD = "gnu++14";
				CLANG_CXX_LIBRARY = "libc++";
				CLANG_ENABLE_MODULES = YES;
				CLANG_ENABLE_OBJC_ARC = YES;
				CLANG_ENABLE_OBJC_WEAK = YES;
				CLANG_WARN_BLOCK_CAPTURE_AUTORELEASING = YES;
				CLANG_WARN_BOOL_CONVERSION = YES;
				CLANG_WARN_COMMA = YES;
				CLANG_WARN_CONSTANT_CONVERSION = YES;
				CLANG_WARN_DEPRECATED_OBJC_IMPLEMENTATIONS = YES;
				CLANG_WARN_DIRECT_OBJC_ISA_USAGE = YES_ERROR;
				CLANG_WARN_DOCUMENTATION_COMMENTS = YES;
				CLANG_WARN_EMPTY_BODY = YES;
				CLANG_WARN_ENUM_CONVERSION = YES;
				CLANG_WARN_INFINITE_RECURSION = YES;
				CLANG_WARN_INT_CONVERSION = YES;
				CLANG_WARN_NON_LITERAL_NULL_CONVERSION = YES;
				CLANG_WARN_OBJC_IMPLICIT_RETAIN_SELF = YES;
				CLANG_WARN_OBJC_LITERAL_CONVERSION = YES;
				CLANG_WARN_OBJC_ROOT_CLASS = YES_ERROR;
				CLANG_WARN_QUOTED_INCLUDE_IN_FRAMEWORK_HEADER = YES;
				CLANG_WARN_RANGE_LOOP_ANALYSIS = YES;
				CLANG_WARN_STRICT_PROTOTYPES = YES;
				CLANG_WARN_SUSPICIOUS_MOVE = YES;
				CLANG_WARN_UNGUARDED_AVAILABILITY = YES_AGGRESSIVE;
				CLANG_WARN_UNREACHABLE_CODE = YES;
				CLANG_WARN__DUPLICATE_METHOD_MATCH = YES;
				COPY_PHASE_STRIP = NO;
				DEBUG_INFORMATION_FORMAT = "dwarf-with-dsym";
				ENABLE_NS_ASSERTIONS = NO;
				ENABLE_STRICT_OBJC_MSGSEND = YES;
				GCC_C_LANGUAGE_STANDARD = gnu11;
				GCC_NO_COMMON_BLOCKS = YES;
				GCC_WARN_64_TO_32_BIT_CONVERSION = YES;
				GCC_WARN_ABOUT_RETURN_TYPE = YES_ERROR;
				GCC_WARN_UNDECLARED_SELECTOR = YES;
				GCC_WARN_UNINITIALIZED_AUTOS = YES_AGGRESSIVE;
				GCC_WARN_UNUSED_FUNCTION = YES;
				GCC_WARN_UNUSED_VARIABLE = YES;
				IPHONEOS_DEPLOYMENT_TARGET = 14.5;
				MTL_ENABLE_DEBUG_INFO = NO;
				MTL_FAST_MATH = YES;
				SDKROOT = iphoneos;
				SWIFT_COMPILATION_MODE = wholemodule;
				SWIFT_OPTIMIZATION_LEVEL = "-O";
				VALIDATE_PRODUCT = YES;
			};
			name = Release;
		};
		9A36E11A27A86ED800CF9989 /* Debug */ = {
			isa = XCBuildConfiguration;
			buildSettings = {
				ASSETCATALOG_COMPILER_APPICON_NAME = AppIcon;
				ASSETCATALOG_COMPILER_GLOBAL_ACCENT_COLOR_NAME = AccentColor;
				CODE_SIGN_STYLE = Automatic;
				DEVELOPMENT_ASSET_PATHS = "\"kiwi/Preview Content\"";
				DEVELOPMENT_TEAM = 7B45T22UPC;
				ENABLE_PREVIEWS = YES;
				INFOPLIST_FILE = kiwi/Info.plist;
				IPHONEOS_DEPLOYMENT_TARGET = 14.0;
				LD_RUNPATH_SEARCH_PATHS = (
					"$(inherited)",
					"@executable_path/Frameworks",
				);
				PRODUCT_BUNDLE_IDENTIFIER = interactiveaudiolab;
				PRODUCT_NAME = "$(TARGET_NAME)";
				SWIFT_VERSION = 5.0;
				TARGETED_DEVICE_FAMILY = "1,2";
			};
			name = Debug;
		};
		9A36E11B27A86ED800CF9989 /* Release */ = {
			isa = XCBuildConfiguration;
			buildSettings = {
				ASSETCATALOG_COMPILER_APPICON_NAME = AppIcon;
				ASSETCATALOG_COMPILER_GLOBAL_ACCENT_COLOR_NAME = AccentColor;
				CODE_SIGN_STYLE = Automatic;
				DEVELOPMENT_ASSET_PATHS = "\"kiwi/Preview Content\"";
				DEVELOPMENT_TEAM = 7B45T22UPC;
				ENABLE_PREVIEWS = YES;
				INFOPLIST_FILE = kiwi/Info.plist;
				IPHONEOS_DEPLOYMENT_TARGET = 14.0;
				LD_RUNPATH_SEARCH_PATHS = (
					"$(inherited)",
					"@executable_path/Frameworks",
				);
				PRODUCT_BUNDLE_IDENTIFIER = interactiveaudiolab;
				PRODUCT_NAME = "$(TARGET_NAME)";
				SWIFT_VERSION = 5.0;
				TARGETED_DEVICE_FAMILY = "1,2";
			};
			name = Release;
		};
		9A36E11D27A86ED800CF9989 /* Debug */ = {
			isa = XCBuildConfiguration;
			buildSettings = {
				ALWAYS_EMBED_SWIFT_STANDARD_LIBRARIES = YES;
				BUNDLE_LOADER = "$(TEST_HOST)";
				CODE_SIGN_STYLE = Automatic;
				INFOPLIST_FILE = kiwiTests/Info.plist;
				IPHONEOS_DEPLOYMENT_TARGET = 14.0;
				LD_RUNPATH_SEARCH_PATHS = (
					"$(inherited)",
					"@executable_path/Frameworks",
					"@loader_path/Frameworks",
				);
				PRODUCT_BUNDLE_IDENTIFIER = interactiveaudiolab.kiwiTests;
				PRODUCT_NAME = "$(TARGET_NAME)";
				SWIFT_VERSION = 5.0;
				TARGETED_DEVICE_FAMILY = "1,2";
				TEST_HOST = "$(BUILT_PRODUCTS_DIR)/kiwi.app/kiwi";
			};
			name = Debug;
		};
		9A36E11E27A86ED800CF9989 /* Release */ = {
			isa = XCBuildConfiguration;
			buildSettings = {
				ALWAYS_EMBED_SWIFT_STANDARD_LIBRARIES = YES;
				BUNDLE_LOADER = "$(TEST_HOST)";
				CODE_SIGN_STYLE = Automatic;
				INFOPLIST_FILE = kiwiTests/Info.plist;
				IPHONEOS_DEPLOYMENT_TARGET = 14.0;
				LD_RUNPATH_SEARCH_PATHS = (
					"$(inherited)",
					"@executable_path/Frameworks",
					"@loader_path/Frameworks",
				);
				PRODUCT_BUNDLE_IDENTIFIER = interactiveaudiolab.kiwiTests;
				PRODUCT_NAME = "$(TARGET_NAME)";
				SWIFT_VERSION = 5.0;
				TARGETED_DEVICE_FAMILY = "1,2";
				TEST_HOST = "$(BUILT_PRODUCTS_DIR)/kiwi.app/kiwi";
			};
			name = Release;
		};
		9A36E12027A86ED800CF9989 /* Debug */ = {
			isa = XCBuildConfiguration;
			buildSettings = {
				ALWAYS_EMBED_SWIFT_STANDARD_LIBRARIES = YES;
				CODE_SIGN_STYLE = Automatic;
				INFOPLIST_FILE = kiwiUITests/Info.plist;
				LD_RUNPATH_SEARCH_PATHS = (
					"$(inherited)",
					"@executable_path/Frameworks",
					"@loader_path/Frameworks",
				);
				PRODUCT_BUNDLE_IDENTIFIER = interactiveaudiolab.kiwiUITests;
				PRODUCT_NAME = "$(TARGET_NAME)";
				SWIFT_VERSION = 5.0;
				TARGETED_DEVICE_FAMILY = "1,2";
				TEST_TARGET_NAME = kiwi;
			};
			name = Debug;
		};
		9A36E12127A86ED800CF9989 /* Release */ = {
			isa = XCBuildConfiguration;
			buildSettings = {
				ALWAYS_EMBED_SWIFT_STANDARD_LIBRARIES = YES;
				CODE_SIGN_STYLE = Automatic;
				INFOPLIST_FILE = kiwiUITests/Info.plist;
				LD_RUNPATH_SEARCH_PATHS = (
					"$(inherited)",
					"@executable_path/Frameworks",
					"@loader_path/Frameworks",
				);
				PRODUCT_BUNDLE_IDENTIFIER = interactiveaudiolab.kiwiUITests;
				PRODUCT_NAME = "$(TARGET_NAME)";
				SWIFT_VERSION = 5.0;
				TARGETED_DEVICE_FAMILY = "1,2";
				TEST_TARGET_NAME = kiwi;
			};
			name = Release;
		};
/* End XCBuildConfiguration section */

/* Begin XCConfigurationList section */
		9A36E0EF27A86ED600CF9989 /* Build configuration list for PBXProject "kiwi" */ = {
			isa = XCConfigurationList;
			buildConfigurations = (
				9A36E11727A86ED800CF9989 /* Debug */,
				9A36E11827A86ED800CF9989 /* Release */,
			);
			defaultConfigurationIsVisible = 0;
			defaultConfigurationName = Release;
		};
		9A36E11927A86ED800CF9989 /* Build configuration list for PBXNativeTarget "kiwi" */ = {
			isa = XCConfigurationList;
			buildConfigurations = (
				9A36E11A27A86ED800CF9989 /* Debug */,
				9A36E11B27A86ED800CF9989 /* Release */,
			);
			defaultConfigurationIsVisible = 0;
			defaultConfigurationName = Release;
		};
		9A36E11C27A86ED800CF9989 /* Build configuration list for PBXNativeTarget "kiwiTests" */ = {
			isa = XCConfigurationList;
			buildConfigurations = (
				9A36E11D27A86ED800CF9989 /* Debug */,
				9A36E11E27A86ED800CF9989 /* Release */,
			);
			defaultConfigurationIsVisible = 0;
			defaultConfigurationName = Release;
		};
		9A36E11F27A86ED800CF9989 /* Build configuration list for PBXNativeTarget "kiwiUITests" */ = {
			isa = XCConfigurationList;
			buildConfigurations = (
				9A36E12027A86ED800CF9989 /* Debug */,
				9A36E12127A86ED800CF9989 /* Release */,
			);
			defaultConfigurationIsVisible = 0;
			defaultConfigurationName = Release;
		};
/* End XCConfigurationList section */

/* Begin XCRemoteSwiftPackageReference section */
		9AA008A327C6C91D00359374 /* XCRemoteSwiftPackageReference "SwiftUIOSC" */ = {
			isa = XCRemoteSwiftPackageReference;
			repositoryURL = "https://github.com/heestand-xyz/SwiftUIOSC";
			requirement = {
				branch = main;
				kind = branch;
			};
		};
/* End XCRemoteSwiftPackageReference section */

/* Begin XCSwiftPackageProductDependency section */
		9AA008A427C6C91D00359374 /* SwiftUIOSC */ = {
			isa = XCSwiftPackageProductDependency;
			package = 9AA008A327C6C91D00359374 /* XCRemoteSwiftPackageReference "SwiftUIOSC" */;
			productName = SwiftUIOSC;
		};
/* End XCSwiftPackageProductDependency section */
	};
	rootObject = 9A36E0EC27A86ED600CF9989 /* Project object */;
}
